// !$*UTF8*$!
{
	archiveVersion = 1;
	classes = {
	};
	objectVersion = 56;
	objects = {

/* Begin PBXBuildFile section */
		6393D0D02B2FFA0000221B85 /* AppDelegate.swift in Sources */ = {isa = PBXBuildFile; fileRef = 6393D0CF2B2FFA0000221B85 /* AppDelegate.swift */; };
		6393D0D22B2FFA0000221B85 /* SceneDelegate.swift in Sources */ = {isa = PBXBuildFile; fileRef = 6393D0D12B2FFA0000221B85 /* SceneDelegate.swift */; };
		6393D0D42B2FFA0000221B85 /* NoteViewController.swift in Sources */ = {isa = PBXBuildFile; fileRef = 6393D0D32B2FFA0000221B85 /* NoteViewController.swift */; };
		6393D0DA2B2FFA0000221B85 /* NotesMobileApp.xcdatamodeld in Sources */ = {isa = PBXBuildFile; fileRef = 6393D0D82B2FFA0000221B85 /* NotesMobileApp.xcdatamodeld */; };
		6393D0DC2B2FFA0200221B85 /* Assets.xcassets in Resources */ = {isa = PBXBuildFile; fileRef = 6393D0DB2B2FFA0200221B85 /* Assets.xcassets */; };
		6393D0DF2B2FFA0200221B85 /* LaunchScreen.storyboard in Resources */ = {isa = PBXBuildFile; fileRef = 6393D0DD2B2FFA0200221B85 /* LaunchScreen.storyboard */; };
		6393D0EF2B2FFBE100221B85 /* OnBoardingViewController.swift in Sources */ = {isa = PBXBuildFile; fileRef = 6393D0EE2B2FFBE100221B85 /* OnBoardingViewController.swift */; };
		6393D0F12B2FFC4200221B85 /* OnBoargingCollectionViewCell.swift in Sources */ = {isa = PBXBuildFile; fileRef = 6393D0F02B2FFC4200221B85 /* OnBoargingCollectionViewCell.swift */; };
		6393D0F32B2FFD3F00221B85 /* StructOnBoarding.swift in Sources */ = {isa = PBXBuildFile; fileRef = 6393D0F22B2FFD3F00221B85 /* StructOnBoarding.swift */; };
		6393D0F52B2FFD7300221B85 /* StructSettings.swift in Sources */ = {isa = PBXBuildFile; fileRef = 6393D0F42B2FFD7300221B85 /* StructSettings.swift */; };
		6393D0F72B2FFDEB00221B85 /* LanguageViewController.swift in Sources */ = {isa = PBXBuildFile; fileRef = 6393D0F62B2FFDEB00221B85 /* LanguageViewController.swift */; };
		6393D0F92B2FFE0700221B85 /* SetingsViewController.swift in Sources */ = {isa = PBXBuildFile; fileRef = 6393D0F82B2FFE0700221B85 /* SetingsViewController.swift */; };
		6393D0FB2B2FFE5900221B85 /* NoteCollectionViewCell.swift in Sources */ = {isa = PBXBuildFile; fileRef = 6393D0FA2B2FFE5900221B85 /* NoteCollectionViewCell.swift */; };
		6393D0FD2B2FFEB900221B85 /* SettingTableViewCell.swift in Sources */ = {isa = PBXBuildFile; fileRef = 6393D0FC2B2FFEB900221B85 /* SettingTableViewCell.swift */; };
		6393D0FF2B2FFEED00221B85 /* AddNoteViewController.swift in Sources */ = {isa = PBXBuildFile; fileRef = 6393D0FE2B2FFEED00221B85 /* AddNoteViewController.swift */; };
		6393D1012B2FFF1100221B85 /* NoteDataManager.swift in Sources */ = {isa = PBXBuildFile; fileRef = 6393D1002B2FFF1100221B85 /* NoteDataManager.swift */; };
		6393D1042B2FFF6C00221B85 /* Note+CoreDataClass.swift in Sources */ = {isa = PBXBuildFile; fileRef = 6393D1022B2FFF6C00221B85 /* Note+CoreDataClass.swift */; };
		6393D1052B2FFF6C00221B85 /* Note+CoreDataProperties.swift in Sources */ = {isa = PBXBuildFile; fileRef = 6393D1032B2FFF6C00221B85 /* Note+CoreDataProperties.swift */; };
		6393D1072B3531E100221B85 /* LanguageCell.swift in Sources */ = {isa = PBXBuildFile; fileRef = 6393D1062B3531E100221B85 /* LanguageCell.swift */; };
		6393D1092B35353900221B85 /* LanguageStruct.swift in Sources */ = {isa = PBXBuildFile; fileRef = 6393D1082B35353900221B85 /* LanguageStruct.swift */; };
/* End PBXBuildFile section */

/* Begin PBXFileReference section */
		6393D0CC2B2FFA0000221B85 /* NotesMobileApp.app */ = {isa = PBXFileReference; explicitFileType = wrapper.application; includeInIndex = 0; path = NotesMobileApp.app; sourceTree = BUILT_PRODUCTS_DIR; };
		6393D0CF2B2FFA0000221B85 /* AppDelegate.swift */ = {isa = PBXFileReference; lastKnownFileType = sourcecode.swift; path = AppDelegate.swift; sourceTree = "<group>"; };
		6393D0D12B2FFA0000221B85 /* SceneDelegate.swift */ = {isa = PBXFileReference; lastKnownFileType = sourcecode.swift; path = SceneDelegate.swift; sourceTree = "<group>"; };
		6393D0D32B2FFA0000221B85 /* NoteViewController.swift */ = {isa = PBXFileReference; lastKnownFileType = sourcecode.swift; path = NoteViewController.swift; sourceTree = "<group>"; };
		6393D0D92B2FFA0000221B85 /* NotesMobileApp.xcdatamodel */ = {isa = PBXFileReference; lastKnownFileType = wrapper.xcdatamodel; path = NotesMobileApp.xcdatamodel; sourceTree = "<group>"; };
		6393D0DB2B2FFA0200221B85 /* Assets.xcassets */ = {isa = PBXFileReference; lastKnownFileType = folder.assetcatalog; path = Assets.xcassets; sourceTree = "<group>"; };
		6393D0DE2B2FFA0200221B85 /* Base */ = {isa = PBXFileReference; lastKnownFileType = file.storyboard; name = Base; path = Base.lproj/LaunchScreen.storyboard; sourceTree = "<group>"; };
		6393D0E02B2FFA0200221B85 /* Info.plist */ = {isa = PBXFileReference; lastKnownFileType = text.plist.xml; path = Info.plist; sourceTree = "<group>"; };
		6393D0EE2B2FFBE100221B85 /* OnBoardingViewController.swift */ = {isa = PBXFileReference; lastKnownFileType = sourcecode.swift; path = OnBoardingViewController.swift; sourceTree = "<group>"; };
		6393D0F02B2FFC4200221B85 /* OnBoargingCollectionViewCell.swift */ = {isa = PBXFileReference; lastKnownFileType = sourcecode.swift; path = OnBoargingCollectionViewCell.swift; sourceTree = "<group>"; };
		6393D0F22B2FFD3F00221B85 /* StructOnBoarding.swift */ = {isa = PBXFileReference; lastKnownFileType = sourcecode.swift; path = StructOnBoarding.swift; sourceTree = "<group>"; };
		6393D0F42B2FFD7300221B85 /* StructSettings.swift */ = {isa = PBXFileReference; lastKnownFileType = sourcecode.swift; path = StructSettings.swift; sourceTree = "<group>"; };
		6393D0F62B2FFDEB00221B85 /* LanguageViewController.swift */ = {isa = PBXFileReference; lastKnownFileType = sourcecode.swift; path = LanguageViewController.swift; sourceTree = "<group>"; };
		6393D0F82B2FFE0700221B85 /* SetingsViewController.swift */ = {isa = PBXFileReference; lastKnownFileType = sourcecode.swift; path = SetingsViewController.swift; sourceTree = "<group>"; };
		6393D0FA2B2FFE5900221B85 /* NoteCollectionViewCell.swift */ = {isa = PBXFileReference; lastKnownFileType = sourcecode.swift; path = NoteCollectionViewCell.swift; sourceTree = "<group>"; };
		6393D0FC2B2FFEB900221B85 /* SettingTableViewCell.swift */ = {isa = PBXFileReference; lastKnownFileType = sourcecode.swift; path = SettingTableViewCell.swift; sourceTree = "<group>"; };
		6393D0FE2B2FFEED00221B85 /* AddNoteViewController.swift */ = {isa = PBXFileReference; lastKnownFileType = sourcecode.swift; path = AddNoteViewController.swift; sourceTree = "<group>"; };
		6393D1002B2FFF1100221B85 /* NoteDataManager.swift */ = {isa = PBXFileReference; lastKnownFileType = sourcecode.swift; path = NoteDataManager.swift; sourceTree = "<group>"; };
		6393D1022B2FFF6C00221B85 /* Note+CoreDataClass.swift */ = {isa = PBXFileReference; lastKnownFileType = sourcecode.swift; path = "Note+CoreDataClass.swift"; sourceTree = "<group>"; };
		6393D1032B2FFF6C00221B85 /* Note+CoreDataProperties.swift */ = {isa = PBXFileReference; lastKnownFileType = sourcecode.swift; path = "Note+CoreDataProperties.swift"; sourceTree = "<group>"; };
		6393D1062B3531E100221B85 /* LanguageCell.swift */ = {isa = PBXFileReference; lastKnownFileType = sourcecode.swift; path = LanguageCell.swift; sourceTree = "<group>"; };
		6393D1082B35353900221B85 /* LanguageStruct.swift */ = {isa = PBXFileReference; lastKnownFileType = sourcecode.swift; path = LanguageStruct.swift; sourceTree = "<group>"; };
/* End PBXFileReference section */

/* Begin PBXFrameworksBuildPhase section */
		6393D0C92B2FFA0000221B85 /* Frameworks */ = {
			isa = PBXFrameworksBuildPhase;
			buildActionMask = 2147483647;
			files = (
			);
			runOnlyForDeploymentPostprocessing = 0;
		};
/* End PBXFrameworksBuildPhase section */

/* Begin PBXGroup section */
		6393D0C32B2FFA0000221B85 = {
			isa = PBXGroup;
			children = (
				6393D1022B2FFF6C00221B85 /* Note+CoreDataClass.swift */,
				6393D1032B2FFF6C00221B85 /* Note+CoreDataProperties.swift */,
				6393D0CE2B2FFA0000221B85 /* NotesMobileApp */,
				6393D0CD2B2FFA0000221B85 /* Products */,
			);
			sourceTree = "<group>";
		};
		6393D0CD2B2FFA0000221B85 /* Products */ = {
			isa = PBXGroup;
			children = (
				6393D0CC2B2FFA0000221B85 /* NotesMobileApp.app */,
			);
			name = Products;
			sourceTree = "<group>";
		};
		6393D0CE2B2FFA0000221B85 /* NotesMobileApp */ = {
			isa = PBXGroup;
			children = (
				6393D0ED2B2FFAAC00221B85 /* DataManager */,
				6393D0EC2B2FFAA000221B85 /* AddNote */,
				6393D0EB2B2FFA8B00221B85 /* Struct */,
				6393D0EA2B2FFA7B00221B85 /* OnBoarding */,
				6393D0E92B2FFA6200221B85 /* Cell */,
				6393D0E82B2FFA5800221B85 /* Controllers */,
				6393D0E72B2FFA1400221B85 /* Resources */,
				6393D0E62B2FFA0B00221B85 /* App */,
				6393D0E02B2FFA0200221B85 /* Info.plist */,
				6393D0D82B2FFA0000221B85 /* NotesMobileApp.xcdatamodeld */,
			);
			path = NotesMobileApp;
			sourceTree = "<group>";
		};
		6393D0E62B2FFA0B00221B85 /* App */ = {
			isa = PBXGroup;
			children = (
				6393D0D12B2FFA0000221B85 /* SceneDelegate.swift */,
				6393D0CF2B2FFA0000221B85 /* AppDelegate.swift */,
			);
			path = App;
			sourceTree = "<group>";
		};
		6393D0E72B2FFA1400221B85 /* Resources */ = {
			isa = PBXGroup;
			children = (
				6393D0DD2B2FFA0200221B85 /* LaunchScreen.storyboard */,
				6393D0DB2B2FFA0200221B85 /* Assets.xcassets */,
			);
			path = Resources;
			sourceTree = "<group>";
		};
		6393D0E82B2FFA5800221B85 /* Controllers */ = {
			isa = PBXGroup;
			children = (
				6393D0D32B2FFA0000221B85 /* NoteViewController.swift */,
				6393D0F62B2FFDEB00221B85 /* LanguageViewController.swift */,
				6393D0F82B2FFE0700221B85 /* SetingsViewController.swift */,
			);
			path = Controllers;
			sourceTree = "<group>";
		};
		6393D0E92B2FFA6200221B85 /* Cell */ = {
			isa = PBXGroup;
			children = (
				6393D0F02B2FFC4200221B85 /* OnBoargingCollectionViewCell.swift */,
				6393D0FA2B2FFE5900221B85 /* NoteCollectionViewCell.swift */,
				6393D0FC2B2FFEB900221B85 /* SettingTableViewCell.swift */,
				6393D1062B3531E100221B85 /* LanguageCell.swift */,
			);
			path = Cell;
			sourceTree = "<group>";
		};
		6393D0EA2B2FFA7B00221B85 /* OnBoarding */ = {
			isa = PBXGroup;
			children = (
				6393D0EE2B2FFBE100221B85 /* OnBoardingViewController.swift */,
			);
			path = OnBoarding;
			sourceTree = "<group>";
		};
		6393D0EB2B2FFA8B00221B85 /* Struct */ = {
			isa = PBXGroup;
			children = (
				6393D0F22B2FFD3F00221B85 /* StructOnBoarding.swift */,
				6393D0F42B2FFD7300221B85 /* StructSettings.swift */,
				6393D1082B35353900221B85 /* LanguageStruct.swift */,
			);
			path = Struct;
			sourceTree = "<group>";
		};
		6393D0EC2B2FFAA000221B85 /* AddNote */ = {
			isa = PBXGroup;
			children = (
				6393D0FE2B2FFEED00221B85 /* AddNoteViewController.swift */,
			);
			path = AddNote;
			sourceTree = "<group>";
		};
		6393D0ED2B2FFAAC00221B85 /* DataManager */ = {
			isa = PBXGroup;
			children = (
				6393D1002B2FFF1100221B85 /* NoteDataManager.swift */,
			);
			path = DataManager;
			sourceTree = "<group>";
		};
/* End PBXGroup section */

/* Begin PBXNativeTarget section */
		6393D0CB2B2FFA0000221B85 /* NotesMobileApp */ = {
			isa = PBXNativeTarget;
			buildConfigurationList = 6393D0E32B2FFA0200221B85 /* Build configuration list for PBXNativeTarget "NotesMobileApp" */;
			buildPhases = (
				6393D0C82B2FFA0000221B85 /* Sources */,
				6393D0C92B2FFA0000221B85 /* Frameworks */,
				6393D0CA2B2FFA0000221B85 /* Resources */,
			);
			buildRules = (
			);
			dependencies = (
			);
			name = NotesMobileApp;
			productName = NotesMobileApp;
			productReference = 6393D0CC2B2FFA0000221B85 /* NotesMobileApp.app */;
			productType = "com.apple.product-type.application";
		};
/* End PBXNativeTarget section */

/* Begin PBXProject section */
		6393D0C42B2FFA0000221B85 /* Project object */ = {
			isa = PBXProject;
			attributes = {
				BuildIndependentTargetsInParallel = 1;
				LastSwiftUpdateCheck = 1430;
				LastUpgradeCheck = 1430;
				TargetAttributes = {
					6393D0CB2B2FFA0000221B85 = {
						CreatedOnToolsVersion = 14.3.1;
					};
				};
			};
			buildConfigurationList = 6393D0C72B2FFA0000221B85 /* Build configuration list for PBXProject "NotesMobileApp" */;
			compatibilityVersion = "Xcode 14.0";
			developmentRegion = en;
			hasScannedForEncodings = 0;
			knownRegions = (
				en,
				Base,
			);
			mainGroup = 6393D0C32B2FFA0000221B85;
			productRefGroup = 6393D0CD2B2FFA0000221B85 /* Products */;
			projectDirPath = "";
			projectRoot = "";
			targets = (
				6393D0CB2B2FFA0000221B85 /* NotesMobileApp */,
			);
		};
/* End PBXProject section */

/* Begin PBXResourcesBuildPhase section */
		6393D0CA2B2FFA0000221B85 /* Resources */ = {
			isa = PBXResourcesBuildPhase;
			buildActionMask = 2147483647;
			files = (
				6393D0DF2B2FFA0200221B85 /* LaunchScreen.storyboard in Resources */,
				6393D0DC2B2FFA0200221B85 /* Assets.xcassets in Resources */,
			);
			runOnlyForDeploymentPostprocessing = 0;
		};
/* End PBXResourcesBuildPhase section */

/* Begin PBXSourcesBuildPhase section */
		6393D0C82B2FFA0000221B85 /* Sources */ = {
			isa = PBXSourcesBuildPhase;
			buildActionMask = 2147483647;
			files = (
				6393D0D42B2FFA0000221B85 /* NoteViewController.swift in Sources */,
				6393D0F32B2FFD3F00221B85 /* StructOnBoarding.swift in Sources */,
				6393D1072B3531E100221B85 /* LanguageCell.swift in Sources */,
				6393D0F72B2FFDEB00221B85 /* LanguageViewController.swift in Sources */,
				6393D0DA2B2FFA0000221B85 /* NotesMobileApp.xcdatamodeld in Sources */,
				6393D0F92B2FFE0700221B85 /* SetingsViewController.swift in Sources */,
				6393D0F12B2FFC4200221B85 /* OnBoargingCollectionViewCell.swift in Sources */,
				6393D0FD2B2FFEB900221B85 /* SettingTableViewCell.swift in Sources */,
				6393D0D02B2FFA0000221B85 /* AppDelegate.swift in Sources */,
				6393D0F52B2FFD7300221B85 /* StructSettings.swift in Sources */,
				6393D1052B2FFF6C00221B85 /* Note+CoreDataProperties.swift in Sources */,
				6393D1012B2FFF1100221B85 /* NoteDataManager.swift in Sources */,
				6393D1092B35353900221B85 /* LanguageStruct.swift in Sources */,
				6393D0FF2B2FFEED00221B85 /* AddNoteViewController.swift in Sources */,
				6393D0FB2B2FFE5900221B85 /* NoteCollectionViewCell.swift in Sources */,
				6393D1042B2FFF6C00221B85 /* Note+CoreDataClass.swift in Sources */,
				6393D0D22B2FFA0000221B85 /* SceneDelegate.swift in Sources */,
				6393D0EF2B2FFBE100221B85 /* OnBoardingViewController.swift in Sources */,
			);
			runOnlyForDeploymentPostprocessing = 0;
		};
/* End PBXSourcesBuildPhase section */

/* Begin PBXVariantGroup section */
		6393D0DD2B2FFA0200221B85 /* LaunchScreen.storyboard */ = {
			isa = PBXVariantGroup;
			children = (
				6393D0DE2B2FFA0200221B85 /* Base */,
			);
			name = LaunchScreen.storyboard;
			sourceTree = "<group>";
		};
/* End PBXVariantGroup section */

/* Begin XCBuildConfiguration section */
		6393D0E12B2FFA0200221B85 /* Debug */ = {
			isa = XCBuildConfiguration;
			buildSettings = {
				ALWAYS_SEARCH_USER_PATHS = NO;
				CLANG_ANALYZER_NONNULL = YES;
				CLANG_ANALYZER_NUMBER_OBJECT_CONVERSION = YES_AGGRESSIVE;
				CLANG_CXX_LANGUAGE_STANDARD = "gnu++20";
				CLANG_ENABLE_MODULES = YES;
				CLANG_ENABLE_OBJC_ARC = YES;
				CLANG_ENABLE_OBJC_WEAK = YES;
				CLANG_WARN_BLOCK_CAPTURE_AUTORELEASING = YES;
				CLANG_WARN_BOOL_CONVERSION = YES;
				CLANG_WARN_COMMA = YES;
				CLANG_WARN_CONSTANT_CONVERSION = YES;
				CLANG_WARN_DEPRECATED_OBJC_IMPLEMENTATIONS = YES;
				CLANG_WARN_DIRECT_OBJC_ISA_USAGE = YES_ERROR;
				CLANG_WARN_DOCUMENTATION_COMMENTS = YES;
				CLANG_WARN_EMPTY_BODY = YES;
				CLANG_WARN_ENUM_CONVERSION = YES;
				CLANG_WARN_INFINITE_RECURSION = YES;
				CLANG_WARN_INT_CONVERSION = YES;
				CLANG_WARN_NON_LITERAL_NULL_CONVERSION = YES;
				CLANG_WARN_OBJC_IMPLICIT_RETAIN_SELF = YES;
				CLANG_WARN_OBJC_LITERAL_CONVERSION = YES;
				CLANG_WARN_OBJC_ROOT_CLASS = YES_ERROR;
				CLANG_WARN_QUOTED_INCLUDE_IN_FRAMEWORK_HEADER = YES;
				CLANG_WARN_RANGE_LOOP_ANALYSIS = YES;
				CLANG_WARN_STRICT_PROTOTYPES = YES;
				CLANG_WARN_SUSPICIOUS_MOVE = YES;
				CLANG_WARN_UNGUARDED_AVAILABILITY = YES_AGGRESSIVE;
				CLANG_WARN_UNREACHABLE_CODE = YES;
				CLANG_WARN__DUPLICATE_METHOD_MATCH = YES;
				COPY_PHASE_STRIP = NO;
				DEBUG_INFORMATION_FORMAT = dwarf;
				ENABLE_STRICT_OBJC_MSGSEND = YES;
				ENABLE_TESTABILITY = YES;
				GCC_C_LANGUAGE_STANDARD = gnu11;
				GCC_DYNAMIC_NO_PIC = NO;
				GCC_NO_COMMON_BLOCKS = YES;
				GCC_OPTIMIZATION_LEVEL = 0;
				GCC_PREPROCESSOR_DEFINITIONS = (
					"DEBUG=1",
					"$(inherited)",
				);
				GCC_WARN_64_TO_32_BIT_CONVERSION = YES;
				GCC_WARN_ABOUT_RETURN_TYPE = YES_ERROR;
				GCC_WARN_UNDECLARED_SELECTOR = YES;
				GCC_WARN_UNINITIALIZED_AUTOS = YES_AGGRESSIVE;
				GCC_WARN_UNUSED_FUNCTION = YES;
				GCC_WARN_UNUSED_VARIABLE = YES;
				IPHONEOS_DEPLOYMENT_TARGET = 16.4;
				MTL_ENABLE_DEBUG_INFO = INCLUDE_SOURCE;
				MTL_FAST_MATH = YES;
				ONLY_ACTIVE_ARCH = YES;
				SDKROOT = iphoneos;
				SWIFT_ACTIVE_COMPILATION_CONDITIONS = DEBUG;
				SWIFT_OPTIMIZATION_LEVEL = "-Onone";
			};
			name = Debug;
		};
		6393D0E22B2FFA0200221B85 /* Release */ = {
			isa = XCBuildConfiguration;
			buildSettings = {
				ALWAYS_SEARCH_USER_PATHS = NO;
				CLANG_ANALYZER_NONNULL = YES;
				CLANG_ANALYZER_NUMBER_OBJECT_CONVERSION = YES_AGGRESSIVE;
				CLANG_CXX_LANGUAGE_STANDARD = "gnu++20";
				CLANG_ENABLE_MODULES = YES;
				CLANG_ENABLE_OBJC_ARC = YES;
				CLANG_ENABLE_OBJC_WEAK = YES;
				CLANG_WARN_BLOCK_CAPTURE_AUTORELEASING = YES;
				CLANG_WARN_BOOL_CONVERSION = YES;
				CLANG_WARN_COMMA = YES;
				CLANG_WARN_CONSTANT_CONVERSION = YES;
				CLANG_WARN_DEPRECATED_OBJC_IMPLEMENTATIONS = YES;
				CLANG_WARN_DIRECT_OBJC_ISA_USAGE = YES_ERROR;
				CLANG_WARN_DOCUMENTATION_COMMENTS = YES;
				CLANG_WARN_EMPTY_BODY = YES;
				CLANG_WARN_ENUM_CONVERSION = YES;
				CLANG_WARN_INFINITE_RECURSION = YES;
				CLANG_WARN_INT_CONVERSION = YES;
				CLANG_WARN_NON_LITERAL_NULL_CONVERSION = YES;
				CLANG_WARN_OBJC_IMPLICIT_RETAIN_SELF = YES;
				CLANG_WARN_OBJC_LITERAL_CONVERSION = YES;
				CLANG_WARN_OBJC_ROOT_CLASS = YES_ERROR;
				CLANG_WARN_QUOTED_INCLUDE_IN_FRAMEWORK_HEADER = YES;
				CLANG_WARN_RANGE_LOOP_ANALYSIS = YES;
				CLANG_WARN_STRICT_PROTOTYPES = YES;
				CLANG_WARN_SUSPICIOUS_MOVE = YES;
				CLANG_WARN_UNGUARDED_AVAILABILITY = YES_AGGRESSIVE;
				CLANG_WARN_UNREACHABLE_CODE = YES;
				CLANG_WARN__DUPLICATE_METHOD_MATCH = YES;
				COPY_PHASE_STRIP = NO;
				DEBUG_INFORMATION_FORMAT = "dwarf-with-dsym";
				ENABLE_NS_ASSERTIONS = NO;
				ENABLE_STRICT_OBJC_MSGSEND = YES;
				GCC_C_LANGUAGE_STANDARD = gnu11;
				GCC_NO_COMMON_BLOCKS = YES;
				GCC_WARN_64_TO_32_BIT_CONVERSION = YES;
				GCC_WARN_ABOUT_RETURN_TYPE = YES_ERROR;
				GCC_WARN_UNDECLARED_SELECTOR = YES;
				GCC_WARN_UNINITIALIZED_AUTOS = YES_AGGRESSIVE;
				GCC_WARN_UNUSED_FUNCTION = YES;
				GCC_WARN_UNUSED_VARIABLE = YES;
				IPHONEOS_DEPLOYMENT_TARGET = 16.4;
				MTL_ENABLE_DEBUG_INFO = NO;
				MTL_FAST_MATH = YES;
				SDKROOT = iphoneos;
				SWIFT_COMPILATION_MODE = wholemodule;
				SWIFT_OPTIMIZATION_LEVEL = "-O";
				VALIDATE_PRODUCT = YES;
			};
			name = Release;
		};
		6393D0E42B2FFA0200221B85 /* Debug */ = {
			isa = XCBuildConfiguration;
			buildSettings = {
				ASSETCATALOG_COMPILER_APPICON_NAME = AppIcon;
				ASSETCATALOG_COMPILER_GLOBAL_ACCENT_COLOR_NAME = AccentColor;
				CODE_SIGN_STYLE = Automatic;
				CURRENT_PROJECT_VERSION = 1;
				GENERATE_INFOPLIST_FILE = YES;
				INFOPLIST_FILE = NotesMobileApp/Info.plist;
				INFOPLIST_KEY_UIApplicationSupportsIndirectInputEvents = YES;
				INFOPLIST_KEY_UILaunchStoryboardName = LaunchScreen;
				INFOPLIST_KEY_UISupportedInterfaceOrientations_iPad = "UIInterfaceOrientationPortrait UIInterfaceOrientationPortraitUpsideDown UIInterfaceOrientationLandscapeLeft UIInterfaceOrientationLandscapeRight";
				INFOPLIST_KEY_UISupportedInterfaceOrientations_iPhone = "UIInterfaceOrientationPortrait UIInterfaceOrientationLandscapeLeft UIInterfaceOrientationLandscapeRight";
				LD_RUNPATH_SEARCH_PATHS = (
					"$(inherited)",
					"@executable_path/Frameworks",
				);
				MARKETING_VERSION = 1.0;
				PRODUCT_BUNDLE_IDENTIFIER = game.com.NotesMobileApp;
				PRODUCT_NAME = "$(TARGET_NAME)";
				SWIFT_EMIT_LOC_STRINGS = YES;
				SWIFT_VERSION = 5.0;
				TARGETED_DEVICE_FAMILY = "1,2";
			};
			name = Debug;
		};
		6393D0E52B2FFA0200221B85 /* Release */ = {
			isa = XCBuildConfiguration;
			buildSettings = {
				ASSETCATALOG_COMPILER_APPICON_NAME = AppIcon;
				ASSETCATALOG_COMPILER_GLOBAL_ACCENT_COLOR_NAME = AccentColor;
				CODE_SIGN_STYLE = Automatic;
				CURRENT_PROJECT_VERSION = 1;
				GENERATE_INFOPLIST_FILE = YES;
				INFOPLIST_FILE = NotesMobileApp/Info.plist;
				INFOPLIST_KEY_UIApplicationSupportsIndirectInputEvents = YES;
				INFOPLIST_KEY_UILaunchStoryboardName = LaunchScreen;
				INFOPLIST_KEY_UISupportedInterfaceOrientations_iPad = "UIInterfaceOrientationPortrait UIInterfaceOrientationPortraitUpsideDown UIInterfaceOrientationLandscapeLeft UIInterfaceOrientationLandscapeRight";
				INFOPLIST_KEY_UISupportedInterfaceOrientations_iPhone = "UIInterfaceOrientationPortrait UIInterfaceOrientationLandscapeLeft UIInterfaceOrientationLandscapeRight";
				LD_RUNPATH_SEARCH_PATHS = (
					"$(inherited)",
					"@executable_path/Frameworks",
				);
				MARKETING_VERSION = 1.0;
				PRODUCT_BUNDLE_IDENTIFIER = game.com.NotesMobileApp;
				PRODUCT_NAME = "$(TARGET_NAME)";
				SWIFT_EMIT_LOC_STRINGS = YES;
				SWIFT_VERSION = 5.0;
				TARGETED_DEVICE_FAMILY = "1,2";
			};
			name = Release;
		};
/* End XCBuildConfiguration section */

/* Begin XCConfigurationList section */
		6393D0C72B2FFA0000221B85 /* Build configuration list for PBXProject "NotesMobileApp" */ = {
			isa = XCConfigurationList;
			buildConfigurations = (
				6393D0E12B2FFA0200221B85 /* Debug */,
				6393D0E22B2FFA0200221B85 /* Release */,
			);
			defaultConfigurationIsVisible = 0;
			defaultConfigurationName = Release;
		};
		6393D0E32B2FFA0200221B85 /* Build configuration list for PBXNativeTarget "NotesMobileApp" */ = {
			isa = XCConfigurationList;
			buildConfigurations = (
				6393D0E42B2FFA0200221B85 /* Debug */,
				6393D0E52B2FFA0200221B85 /* Release */,
			);
			defaultConfigurationIsVisible = 0;
			defaultConfigurationName = Release;
		};
/* End XCConfigurationList section */

/* Begin XCVersionGroup section */
		6393D0D82B2FFA0000221B85 /* NotesMobileApp.xcdatamodeld */ = {
			isa = XCVersionGroup;
			children = (
				6393D0D92B2FFA0000221B85 /* NotesMobileApp.xcdatamodel */,
			);
			currentVersion = 6393D0D92B2FFA0000221B85 /* NotesMobileApp.xcdatamodel */;
			path = NotesMobileApp.xcdatamodeld;
			sourceTree = "<group>";
			versionGroupType = wrapper.xcdatamodel;
		};
/* End XCVersionGroup section */
	};
	rootObject = 6393D0C42B2FFA0000221B85 /* Project object */;
}
